
Microsoft Visual Studio Solution File, Format Version 12.00
# Visual Studio Version 16
VisualStudioVersion = 16.0.29318.209
MinimumVisualStudioVersion = 10.0.40219.1
Project("{9A19103F-16F7-4668-BE54-9A1E7A4F7556}") = "CoreWebApp", "CoreWebApp\CoreWebApp.csproj", "{A1BD026E-F380-47D3-9BE6-5D01E2803F63}"
EndProject
Project("{9A19103F-16F7-4668-BE54-9A1E7A4F7556}") = "Domain", "Domain\Domain.csproj", "{7E1C8F06-5D0F-4677-B912-7084B6B2FAB1}"
EndProject
Project("{9A19103F-16F7-4668-BE54-9A1E7A4F7556}") = "CoreWebApi", "CoreWebApi\CoreWebApi.csproj", "{91EC9FFA-0FB4-4728-B561-588F7B6CB42E}"
EndProject
Global
	GlobalSection(SolutionConfigurationPlatforms) = preSolution
		Debug|Any CPU = Debug|Any CPU
		Release|Any CPU = Release|Any CPU
	EndGlobalSection
	GlobalSection(ProjectConfigurationPlatforms) = postSolution
		{A1BD026E-F380-47D3-9BE6-5D01E2803F63}.Debug|Any CPU.ActiveCfg = Debug|Any CPU
		{A1BD026E-F380-47D3-9BE6-5D01E2803F63}.Debug|Any CPU.Build.0 = Debug|Any CPU
		{A1BD026E-F380-47D3-9BE6-5D01E2803F63}.Release|Any CPU.ActiveCfg = Release|Any CPU
		{A1BD026E-F380-47D3-9BE6-5D01E2803F63}.Release|Any CPU.Build.0 = Release|Any CPU
		{7E1C8F06-5D0F-4677-B912-7084B6B2FAB1}.Debug|Any CPU.ActiveCfg = Debug|Any CPU
		{7E1C8F06-5D0F-4677-B912-7084B6B2FAB1}.Debug|Any CPU.Build.0 = Debug|Any CPU
		{7E1C8F06-5D0F-4677-B912-7084B6B2FAB1}.Release|Any CPU.ActiveCfg = Release|Any CPU
		{7E1C8F06-5D0F-4677-B912-7084B6B2FAB1}.Release|Any CPU.Build.0 = Release|Any CPU
		{91EC9FFA-0FB4-4728-B561-588F7B6CB42E}.Debug|Any CPU.ActiveCfg = Debug|Any CPU
		{91EC9FFA-0FB4-4728-B561-588F7B6CB42E}.Debug|Any CPU.Build.0 = Debug|Any CPU
		{91EC9FFA-0FB4-4728-B561-588F7B6CB42E}.Release|Any CPU.ActiveCfg = Release|Any CPU
		{91EC9FFA-0FB4-4728-B561-588F7B6CB42E}.Release|Any CPU.Build.0 = Release|Any CPU
	EndGlobalSection
	GlobalSection(SolutionProperties) = preSolution
		HideSolutionNode = FALSE
	EndGlobalSection
	GlobalSection(ExtensibilityGlobals) = postSolution
		SolutionGuid = {7154F1EA-8FCD-4A1C-B3F5-C59C276ADA54}
	EndGlobalSection
EndGlobal
